# This file is autogenerated, do not edit; changes may be undone by the next 'dep ensure'.


[[projects]]
  branch = "master"
  name = "github.com/wangxianzhuo/calc-tool"
  packages = ["modbus"]
  revision = "fb731b899f44d2e790dc5a22c7f55d0e6a111882"

[solve-meta]
  analyzer-name = "dep"
  analyzer-version = 1
  inputs-digest = "daada6675ccc3aef261b7be63b844a6bae190d4e4eb5d6a63021dcac26835edd"
  solver-name = "gps-cdcl"
  solver-version = 1
